github.com/danielfdickinson/image-handling-mod-demo v0.0.0-20230509133327-e451b1695fa1 h1:5o/znepGEduxv0v7b6zw3nBBPaWnEF2C1mHBuKRN7Aw=
github.com/danielfdickinson/image-handling-mod-demo v0.0.0-20230509133327-e451b1695fa1/go.mod h1:qx251KbyTQVhEg03K8en+fNbFNK4Vq8dmqiqndm98Hg=
github.com/danielfdickinson/image-handling-mod-hugo-dfd v0.0.0-20230502185344-ad0d7937d90f h1:hV0ill3pwQo0tvyaUNA96f2yzeWCC5EDyGSCA9AJtMU=
github.com/danielfdickinson/image-handling-mod-hugo-dfd v0.0.0-20230502185344-ad0d7937d90f/go.mod h1:PKb7pGYDJO23NhRgFAf25DxUqELpEHHidbLBCwte09Y=
github.com/danielfdickinson/wpxr-to-static v0.0.0-20221001033936-5b4221cbc361 h1:EtDR0V3i7HcP0XRuIHPTJ7+nHVEPnrfLRRRFLHNeFr0=
github.com/danielfdickinson/wpxr-to-static v0.0.0-20221001033936-5b4221cbc361/go.mod h1:8ArFjp0rvMTCvY0zPTv8nsKvDBJKvWJ1pyE2NJezQdI=
gitlab.com/danielfdickinson/dfd-hugo-theme-zen v0.0.0-20230508224403-491644959ef7 h1:IHlxdWHwQn5O9e6ojvWi5CuSIwPj71owJj7imvNnEQ8=
gitlab.com/danielfdickinson/dfd-hugo-theme-zen v0.0.0-20230508224403-491644959ef7/go.mod h1:AyUJrDSjdGjVr6/kp6GPPnch2R6scbkld8s8ejhv2Fk=
gitlab.com/danielfdickinson/dfd-zen-mp-workspace v0.0.0-20230509015300-f157a8b4327f h1:KSgvY3mZUDM/N+cayg9TpUav8gIel5rkxMiFeSoufjE=
gitlab.com/danielfdickinson/dfd-zen-mp-workspace v0.0.0-20230509015300-f157a8b4327f/go.mod h1:3G+ArLf62CzowEkOe3OEkl2cbHtQByBGRfIHf4yevyQ=
gitlab.com/danielfdickinson/server-alpine-linux-docs4web v0.0.0-20230429180738-d533ac1b68b7 h1:oGT3AIt6TK0yT+zV90IbXbvBd6yzAxyOt4910ZXbO9Q=
gitlab.com/danielfdickinson/server-alpine-linux-docs4web v0.0.0-20230429180738-d533ac1b68b7/go.mod h1:P6LZj4ajU+D7o5/+wOOL/iIi/yEed9KefZFtIZQZldw=
