github.com/danielfdickinson/image-handling-mod-demo v0.0.2 h1:JUbG+OZsfR81BVU0rABSfTKmFK4xVv5n1ljCLhTOVeU=
github.com/danielfdickinson/image-handling-mod-demo v0.0.2/go.mod h1:aK2+BWXcuMesdNXaX28FFmwDSKIA5iLLl35RCswX2N8=
github.com/danielfdickinson/image-handling-mod-demo v0.0.5 h1:cSxkuzOmhfk9z2lY5WV2XtygTPPsDMqMg3MMOSe9PqQ=
github.com/danielfdickinson/image-handling-mod-demo v0.0.5/go.mod h1:jw59ns3tKrQHAyTmLusXvuomy+aVH+LElZMfXMj0I8k=
github.com/danielfdickinson/image-handling-mod-hugo-dfd v0.0.0-20230524224151-3de70257fcf4 h1:uAuq3W8tmgYkLugEb3V9FKXtkabTR2TLIxefxax6zT0=
github.com/danielfdickinson/image-handling-mod-hugo-dfd v0.0.0-20230524224151-3de70257fcf4/go.mod h1:PKb7pGYDJO23NhRgFAf25DxUqELpEHHidbLBCwte09Y=
github.com/danielfdickinson/image-handling-mod-hugo-dfd v0.8.0-alpha.1 h1:HCYvc+rifaPM54m07Rqh+shs4rbUfY/0Jpwkl//pSK0=
github.com/danielfdickinson/image-handling-mod-hugo-dfd v0.8.0-alpha.1/go.mod h1:h+vNqbDFVmrcnlUq1GsWtKS3HWw7wLDqM1PahGQjSOY=
github.com/danielfdickinson/wpxr-to-static v0.0.0-20221001033936-5b4221cbc361 h1:EtDR0V3i7HcP0XRuIHPTJ7+nHVEPnrfLRRRFLHNeFr0=
github.com/danielfdickinson/wpxr-to-static v0.0.0-20221001033936-5b4221cbc361/go.mod h1:8ArFjp0rvMTCvY0zPTv8nsKvDBJKvWJ1pyE2NJezQdI=
github.com/wildtechgarden/dfd-multipass-vscode-instance v0.3.2 h1:D+G40J/s/D9Db0vCisruG2exu38EVSR4kykQ8zIcbac=
github.com/wildtechgarden/dfd-multipass-vscode-instance v0.3.2/go.mod h1:rBXDSRu9vdWU236/mBlGXO3h7PNtZM0BROUVbwM9Om4=
github.com/wildtechgarden/dfd-multipass-vscode-instance v0.3.3 h1:Qkq3IKXbEPUYEdxZlCq1w6Byd9MM6nKzci2iVrLvhfc=
github.com/wildtechgarden/dfd-multipass-vscode-instance v0.3.3/go.mod h1:rBXDSRu9vdWU236/mBlGXO3h7PNtZM0BROUVbwM9Om4=
github.com/wildtechgarden/zen-theme-hugo-wtg v0.0.3 h1:P7BQVkJTPmLYOnaUZiohzmWMsOQjlDq6BTEEvofVfnE=
github.com/wildtechgarden/zen-theme-hugo-wtg v0.0.3/go.mod h1:miORKb7SvzpS5y9bOi6BtAcfIxKS49EQzlcHBEhFBeg=
github.com/wildtechgarden/zen-theme-hugo-wtg v0.0.4 h1:uJgoX1xIL4P3DdOQ1swTya1qpedX5B2kSMqCTV0GhIY=
github.com/wildtechgarden/zen-theme-hugo-wtg v0.0.4/go.mod h1:miORKb7SvzpS5y9bOi6BtAcfIxKS49EQzlcHBEhFBeg=
gitlab.com/danielfdickinson/server-alpine-linux-docs4web v0.8.1 h1:S9Q19DylMSEqWyojWz3vXn7YV5f3rhLSBYC0w8ikz9Y=
gitlab.com/danielfdickinson/server-alpine-linux-docs4web v0.8.1/go.mod h1:38Lf6wJk/slVZpDpPyeAZibwkYX2d9dIEC3yjF71T7M=
