github.com/danielfdickinson/image-handling-mod-demo v0.0.2 h1:JUbG+OZsfR81BVU0rABSfTKmFK4xVv5n1ljCLhTOVeU=
github.com/danielfdickinson/image-handling-mod-demo v0.0.2/go.mod h1:aK2+BWXcuMesdNXaX28FFmwDSKIA5iLLl35RCswX2N8=
github.com/danielfdickinson/image-handling-mod-hugo-dfd v0.0.0-20230524224151-3de70257fcf4 h1:uAuq3W8tmgYkLugEb3V9FKXtkabTR2TLIxefxax6zT0=
github.com/danielfdickinson/image-handling-mod-hugo-dfd v0.0.0-20230524224151-3de70257fcf4/go.mod h1:PKb7pGYDJO23NhRgFAf25DxUqELpEHHidbLBCwte09Y=
github.com/danielfdickinson/wpxr-to-static v0.0.0-20221001033936-5b4221cbc361 h1:EtDR0V3i7HcP0XRuIHPTJ7+nHVEPnrfLRRRFLHNeFr0=
github.com/danielfdickinson/wpxr-to-static v0.0.0-20221001033936-5b4221cbc361/go.mod h1:8ArFjp0rvMTCvY0zPTv8nsKvDBJKvWJ1pyE2NJezQdI=
gitlab.com/danielfdickinson/dfd-hugo-theme-zen v0.0.1 h1:GU7nuQxSbyWsF3KJgdq/p8mxtY6ratp4t3yEJtnoy9g=
gitlab.com/danielfdickinson/dfd-hugo-theme-zen v0.0.1/go.mod h1:AyUJrDSjdGjVr6/kp6GPPnch2R6scbkld8s8ejhv2Fk=
gitlab.com/danielfdickinson/dfd-zen-mp-workspace v0.0.0-20230715053044-1054923fe1b3 h1:GIus6zPnmsERKjPpzYs7SmbblAeGM2lplSXnqtfB0eg=
gitlab.com/danielfdickinson/dfd-zen-mp-workspace v0.0.0-20230715053044-1054923fe1b3/go.mod h1:3G+ArLf62CzowEkOe3OEkl2cbHtQByBGRfIHf4yevyQ=
gitlab.com/danielfdickinson/server-alpine-linux-docs4web v0.8.1 h1:S9Q19DylMSEqWyojWz3vXn7YV5f3rhLSBYC0w8ikz9Y=
gitlab.com/danielfdickinson/server-alpine-linux-docs4web v0.8.1/go.mod h1:38Lf6wJk/slVZpDpPyeAZibwkYX2d9dIEC3yjF71T7M=
